Microsoft Visual Studio Solution File, Format Version 12.00
# Visual Studio Version 17
VisualStudioVersion = 17.5.2.0
MinimumVisualStudioVersion = 10.0.40219.1
Project("{FAE04EC0-301F-11D3-BF4B-00C04F79EFBC}") = "AiWorkoutPlanAPI", "AiWorkoutPlanAPI.csproj", "{2EE18388-3029-E558-409D-D1AE4A525B22}"
EndProject
Global
	GlobalSection(SolutionConfigurationPlatforms) = preSolution
		Debug|Any CPU = Debug|Any CPU
		Release|Any CPU = Release|Any CPU
	EndGlobalSection
	GlobalSection(ProjectConfigurationPlatforms) = postSolution
		{2EE18388-3029-E558-409D-D1AE4A525B22}.Debug|Any CPU.ActiveCfg = Debug|Any CPU
		{2EE18388-3029-E558-409D-D1AE4A525B22}.Debug|Any CPU.Build.0 = Debug|Any CPU
		{2EE18388-3029-E558-409D-D1AE4A525B22}.Release|Any CPU.ActiveCfg = Release|Any CPU
		{2EE18388-3029-E558-409D-D1AE4A525B22}.Release|Any CPU.Build.0 = Release|Any CPU
	EndGlobalSection
	GlobalSection(SolutionProperties) = preSolution
		HideSolutionNode = FALSE
	EndGlobalSection
	GlobalSection(ExtensibilityGlobals) = postSolution
		SolutionGuid = {60434600-4BD1-4179-A8F9-2FDE8A17BA9D}
	EndGlobalSection
EndGlobal
